<?xml version="1.0" encoding="utf-8"?>
<Project ToolsVersion="4.0" xmlns="http://schemas.microsoft.com/developer/msbuild/2003">
  <ItemGroup>
    <ClCompile Include="Entry.cpp" />
    <ClCompile Include="clean\Clean.cpp">
      <Filter>Clean</Filter>
    </ClCompile>
    <ClCompile Include="utils\Utils.cpp">
      <Filter>Utils</Filter>
    </ClCompile>
    <ClCompile Include="Memory\Memory.cpp">
      <Filter>Memory</Filter>
    </ClCompile>
  </ItemGroup>
  <ItemGroup>
    <Filter Include="Clean">
      <UniqueIdentifier>{fb0b56c4-f2a8-4bcb-a5fd-095ecdd48028}</UniqueIdentifier>
    </Filter>
    <Filter Include="Encryption">
      <UniqueIdentifier>{028f2d3a-db41-4db5-9eba-8f6085e552ab}</UniqueIdentifier>
    </Filter>
    <Filter Include="Memory">
      <UniqueIdentifier>{14abccf4-e73b-44bb-8ae4-93d6825247ce}</UniqueIdentifier>
    </Filter>
    <Filter Include="Utils">
      <UniqueIdentifier>{61dc1586-32be-465c-a705-1850e992b6f6}</UniqueIdentifier>
    </Filter>
  </ItemGroup>
  <ItemGroup>
    <ClInclude Include="encryption\Encrypt_String.h">
      <Filter>Encryption</Filter>
    </ClInclude>
    <ClInclude Include="clean\Clean.h">
      <Filter>Clean</Filter>
    </ClInclude>
    <ClInclude Include="utils\Defines.h">
      <Filter>Utils</Filter>
    </ClInclude>
    <ClInclude Include="utils\Utils.h">
      <Filter>Utils</Filter>
    </ClInclude>
    <ClInclude Include="Memory\Memory.h">
      <Filter>Memory</Filter>
    </ClInclude>
  </ItemGroup>
</Project>